
Microsoft Visual Studio Solution File, Format Version 12.00
# Visual Studio 14
VisualStudioVersion = 14.0.24720.0
MinimumVisualStudioVersion = 10.0.40219.1
Project("{FAE04EC0-301F-11D3-BF4B-00C04F79EFBC}") = "JustSignExcel2013", "JustSignExcel2013\JustSignExcel2013.csproj", "{3B7D8FD2-4D47-46E9-803B-F3E716571002}"
EndProject
Project("{54435603-DBB4-11D2-8724-00A0C9A8B90C}") = "JustSignExcel2013Installer", "JustSignExcel2013Installer\JustSignExcel2013Installer.vdproj", "{6A360A74-18B8-4D5B-B5DA-281BB376F8C1}"
EndProject
Global
	GlobalSection(SolutionConfigurationPlatforms) = preSolution
		Debug|Any CPU = Debug|Any CPU
		Release|Any CPU = Release|Any CPU
	EndGlobalSection
	GlobalSection(ProjectConfigurationPlatforms) = postSolution
		{3B7D8FD2-4D47-46E9-803B-F3E716571002}.Debug|Any CPU.ActiveCfg = Debug|Any CPU
		{3B7D8FD2-4D47-46E9-803B-F3E716571002}.Debug|Any CPU.Build.0 = Debug|Any CPU
		{3B7D8FD2-4D47-46E9-803B-F3E716571002}.Release|Any CPU.ActiveCfg = Release|Any CPU
		{3B7D8FD2-4D47-46E9-803B-F3E716571002}.Release|Any CPU.Build.0 = Release|Any CPU
		{6A360A74-18B8-4D5B-B5DA-281BB376F8C1}.Debug|Any CPU.ActiveCfg = Debug
		{6A360A74-18B8-4D5B-B5DA-281BB376F8C1}.Release|Any CPU.ActiveCfg = Release
	EndGlobalSection
	GlobalSection(SolutionProperties) = preSolution
		HideSolutionNode = FALSE
	EndGlobalSection
EndGlobal
